{
  "requires": true,
  "lockfileVersion": 1,
  "dependencies": {
    "postprocessing": {
      "version": "6.15.1",
      "resolved": "https://registry.npmjs.org/postprocessing/-/postprocessing-6.15.1.tgz",
      "integrity": "sha512-3zJTd5zXYt/phuc+yrXlQv8Aj0BazqyIOe0ZCIKqs4eupyUdFpyFu2UiHY8iMdmlMQUmHC2zocpTaYcJiayxzw=="
    },
    "three": {
      "version": "0.118.3",
      "resolved": "https://registry.npmjs.org/three/-/three-0.118.3.tgz",
      "integrity": "sha512-ijECXrNzDkHieoeh2H69kgawTGH8DiamhR4uBN8jEM7VHSKvfTdEvOoHsA8Aq7dh7PHAxhlqBsN5arBI3KixSw=="
    }
  }
}
